<?xml version="1.0" encoding="utf-8"?>
<Project ToolsVersion="4.0" xmlns="http://schemas.microsoft.com/developer/msbuild/2003">
  <ItemGroup>
    <ClCompile Include="src\FemOneGPU.cpp">
      <Filter>Source</Filter>
    </ClCompile>
    <ClCompile Include="src\Input.cpp">
      <Filter>Source</Filter>
    </ClCompile>
  </ItemGroup>
  <ItemGroup>
    <ClInclude Include="include\defs.h">
      <Filter>Include</Filter>
    </ClInclude>
    <ClInclude Include="include\FemOneGPU.h">
      <Filter>Include</Filter>
    </ClInclude>
    <ClInclude Include="include\Input.h">
      <Filter>Include</Filter>
    </ClInclude>
  </ItemGroup>
  <ItemGroup>
    <CudaCompile Include="src\CUDA\boundaryCond.cu">
      <Filter>CUDA</Filter>
    </CudaCompile>
    <CudaCompile Include="src\CUDA\CG.cu">
      <Filter>CUDA</Filter>
    </CudaCompile>
    <CudaCompile Include="src\CUDA\StiffMatrix.cu">
      <Filter>CUDA</Filter>
    </CudaCompile>
  </ItemGroup>
  <ItemGroup>
    <Filter Include="Include">
      <UniqueIdentifier>{95aa7e02-9b76-48fc-b94c-754acefd13e5}</UniqueIdentifier>
    </Filter>
    <Filter Include="CUDA">
      <UniqueIdentifier>{6da4bfbc-6dfb-428c-832a-c8667c1722e3}</UniqueIdentifier>
    </Filter>
    <Filter Include="Source">
      <UniqueIdentifier>{e2ef7979-4cc8-4827-a176-d807f2524002}</UniqueIdentifier>
    </Filter>
  </ItemGroup>
</Project>